
Microsoft Visual Studio Solution File, Format Version 12.00
# Visual Studio Version 16
VisualStudioVersion = 16.0.30907.101
MinimumVisualStudioVersion = 10.0.40219.1
Project("{FAE04EC0-301F-11D3-BF4B-00C04F79EFBC}") = "PicViewer", "PicViewer\PicViewer.csproj", "{F077CF0E-45E6-4D10-B913-087BF18DFEC7}"
EndProject
Global
	GlobalSection(SolutionConfigurationPlatforms) = preSolution
		Debug|Any CPU = Debug|Any CPU
		Release|Any CPU = Release|Any CPU
	EndGlobalSection
	GlobalSection(ProjectConfigurationPlatforms) = postSolution
		{F077CF0E-45E6-4D10-B913-087BF18DFEC7}.Debug|Any CPU.ActiveCfg = Debug|Any CPU
		{F077CF0E-45E6-4D10-B913-087BF18DFEC7}.Debug|Any CPU.Build.0 = Debug|Any CPU
		{F077CF0E-45E6-4D10-B913-087BF18DFEC7}.Release|Any CPU.ActiveCfg = Release|Any CPU
		{F077CF0E-45E6-4D10-B913-087BF18DFEC7}.Release|Any CPU.Build.0 = Release|Any CPU
	EndGlobalSection
	GlobalSection(SolutionProperties) = preSolution
		HideSolutionNode = FALSE
	EndGlobalSection
	GlobalSection(ExtensibilityGlobals) = postSolution
		SolutionGuid = {5259F1A0-7291-4127-8244-814133E0C734}
	EndGlobalSection
EndGlobal
