
Microsoft Visual Studio Solution File, Format Version 12.00
# Visual Studio Version 16
VisualStudioVersion = 16.0.30907.101
MinimumVisualStudioVersion = 10.0.40219.1
Project("{FAE04EC0-301F-11D3-BF4B-00C04F79EFBC}") = "MathQuiz", "MathQuiz\MathQuiz.csproj", "{E7BDD434-9456-46FA-A1A1-A8EDD6CAC61B}"
EndProject
Global
	GlobalSection(SolutionConfigurationPlatforms) = preSolution
		Debug|Any CPU = Debug|Any CPU
		Release|Any CPU = Release|Any CPU
	EndGlobalSection
	GlobalSection(ProjectConfigurationPlatforms) = postSolution
		{E7BDD434-9456-46FA-A1A1-A8EDD6CAC61B}.Debug|Any CPU.ActiveCfg = Debug|Any CPU
		{E7BDD434-9456-46FA-A1A1-A8EDD6CAC61B}.Debug|Any CPU.Build.0 = Debug|Any CPU
		{E7BDD434-9456-46FA-A1A1-A8EDD6CAC61B}.Release|Any CPU.ActiveCfg = Release|Any CPU
		{E7BDD434-9456-46FA-A1A1-A8EDD6CAC61B}.Release|Any CPU.Build.0 = Release|Any CPU
	EndGlobalSection
	GlobalSection(SolutionProperties) = preSolution
		HideSolutionNode = FALSE
	EndGlobalSection
	GlobalSection(ExtensibilityGlobals) = postSolution
		SolutionGuid = {6A627CBF-34B1-4BD7-9F89-A1B30BED6490}
	EndGlobalSection
EndGlobal
